
Microsoft Visual Studio Solution File, Format Version 12.00
# Visual Studio 15
VisualStudioVersion = 15.0.28307.438
MinimumVisualStudioVersion = 10.0.40219.1
Project("{FAE04EC0-301F-11D3-BF4B-00C04F79EFBC}") = "Lab5", "Lab5\Lab5.csproj", "{136DFE9F-C094-4906-8268-C402C1331E80}"
EndProject
Project("{FAE04EC0-301F-11D3-BF4B-00C04F79EFBC}") = "Data", "Data\Data.csproj", "{5AFF7BBB-F49D-416C-AF4B-3244937F844C}"
EndProject
Project("{FAE04EC0-301F-11D3-BF4B-00C04F79EFBC}") = "CalculatorWebService", "CalculatorWebService\CalculatorWebService.csproj", "{8E687AC3-1278-4B73-859B-77EE9CDECE45}"
EndProject
Global
	GlobalSection(SolutionConfigurationPlatforms) = preSolution
		Debug|Any CPU = Debug|Any CPU
		Release|Any CPU = Release|Any CPU
	EndGlobalSection
	GlobalSection(ProjectConfigurationPlatforms) = postSolution
		{136DFE9F-C094-4906-8268-C402C1331E80}.Debug|Any CPU.ActiveCfg = Debug|Any CPU
		{136DFE9F-C094-4906-8268-C402C1331E80}.Debug|Any CPU.Build.0 = Debug|Any CPU
		{136DFE9F-C094-4906-8268-C402C1331E80}.Release|Any CPU.ActiveCfg = Release|Any CPU
		{136DFE9F-C094-4906-8268-C402C1331E80}.Release|Any CPU.Build.0 = Release|Any CPU
		{5AFF7BBB-F49D-416C-AF4B-3244937F844C}.Debug|Any CPU.ActiveCfg = Debug|Any CPU
		{5AFF7BBB-F49D-416C-AF4B-3244937F844C}.Debug|Any CPU.Build.0 = Debug|Any CPU
		{5AFF7BBB-F49D-416C-AF4B-3244937F844C}.Release|Any CPU.ActiveCfg = Release|Any CPU
		{5AFF7BBB-F49D-416C-AF4B-3244937F844C}.Release|Any CPU.Build.0 = Release|Any CPU
		{8E687AC3-1278-4B73-859B-77EE9CDECE45}.Debug|Any CPU.ActiveCfg = Debug|Any CPU
		{8E687AC3-1278-4B73-859B-77EE9CDECE45}.Debug|Any CPU.Build.0 = Debug|Any CPU
		{8E687AC3-1278-4B73-859B-77EE9CDECE45}.Release|Any CPU.ActiveCfg = Release|Any CPU
		{8E687AC3-1278-4B73-859B-77EE9CDECE45}.Release|Any CPU.Build.0 = Release|Any CPU
	EndGlobalSection
	GlobalSection(SolutionProperties) = preSolution
		HideSolutionNode = FALSE
	EndGlobalSection
	GlobalSection(ExtensibilityGlobals) = postSolution
		SolutionGuid = {2110AB8A-E05B-437F-979F-904BA96E952C}
	EndGlobalSection
EndGlobal
